
Microsoft Visual Studio Solution File, Format Version 12.00
# Visual Studio Version 17
VisualStudioVersion = 17.3.32825.248
MinimumVisualStudioVersion = 10.0.40219.1
Project("{9A19103F-16F7-4668-BE54-9A1E7A4F7556}") = "KpiSchedule.Frontend", "KpiSchedule.Frontend\KpiSchedule.Frontend.csproj", "{452226E7-B69F-4BA4-BEE2-F2015A857D4C}"
EndProject
Global
	GlobalSection(SolutionConfigurationPlatforms) = preSolution
		Debug|Any CPU = Debug|Any CPU
		Release|Any CPU = Release|Any CPU
	EndGlobalSection
	GlobalSection(ProjectConfigurationPlatforms) = postSolution
		{452226E7-B69F-4BA4-BEE2-F2015A857D4C}.Debug|Any CPU.ActiveCfg = Debug|Any CPU
		{452226E7-B69F-4BA4-BEE2-F2015A857D4C}.Debug|Any CPU.Build.0 = Debug|Any CPU
		{452226E7-B69F-4BA4-BEE2-F2015A857D4C}.Release|Any CPU.ActiveCfg = Release|Any CPU
		{452226E7-B69F-4BA4-BEE2-F2015A857D4C}.Release|Any CPU.Build.0 = Release|Any CPU
	EndGlobalSection
	GlobalSection(SolutionProperties) = preSolution
		HideSolutionNode = FALSE
	EndGlobalSection
	GlobalSection(ExtensibilityGlobals) = postSolution
		SolutionGuid = {B2D619B3-BA1D-40D4-B9D7-4C488AF07881}
	EndGlobalSection
EndGlobal
